
Microsoft Visual Studio Solution File, Format Version 12.00
# Visual Studio Version 17
VisualStudioVersion = 17.4.33103.184
MinimumVisualStudioVersion = 10.0.40219.1
Project("{FAE04EC0-301F-11D3-BF4B-00C04F79EFBC}") = "01-variable", "01-variable\01-variable\01-variable.csproj", "{D98088F0-4084-4E03-AE00-7E6E0AACA2C5}"
EndProject
Project("{FAE04EC0-301F-11D3-BF4B-00C04F79EFBC}") = "02-ArrayList", "02-ArrayList\02-ArrayList.csproj", "{C9E5B401-5972-40B1-B13E-992B59966D59}"
EndProject
Project("{FAE04EC0-301F-11D3-BF4B-00C04F79EFBC}") = "03-HashTable", "03-HashTable\03-HashTable.csproj", "{3236D298-776E-4621-9526-D86EB8F7EE04}"
EndProject
Project("{FAE04EC0-301F-11D3-BF4B-00C04F79EFBC}") = "04-List", "04-List\04-List.csproj", "{C57890A5-2E2E-4563-9EE1-16735A63E714}"
EndProject
Project("{FAE04EC0-301F-11D3-BF4B-00C04F79EFBC}") = "05-Dictionary", "05-Dictionary\05-Dictionary.csproj", "{FBB2A59D-A747-4873-8E66-C26C5FD4F783}"
EndProject
Project("{FAE04EC0-301F-11D3-BF4B-00C04F79EFBC}") = "06-path", "06-path\06-path.csproj", "{3C0E67B4-5E3F-4152-9ABF-B468A7BB7A13}"
EndProject
Project("{FAE04EC0-301F-11D3-BF4B-00C04F79EFBC}") = "07-File", "07-File\07-File.csproj", "{556543B4-6954-4F37-B76C-C646B185DF8F}"
EndProject
Project("{FAE04EC0-301F-11D3-BF4B-00C04F79EFBC}") = "08-FileStream", "08-FileStream\08-FileStream.csproj", "{848B76B6-A794-4541-80E4-651F5AAE55CD}"
EndProject
Project("{FAE04EC0-301F-11D3-BF4B-00C04F79EFBC}") = "09-StreamReader", "09-StreamReader\09-StreamReader.csproj", "{54EADD61-1A2A-4CAE-B9A0-7741D812C6FA}"
EndProject
Project("{FAE04EC0-301F-11D3-BF4B-00C04F79EFBC}") = "10-Serialize", "10-Serilize\10-Serialize.csproj", "{5790B1EB-A1F1-49D5-B115-93974526B528}"
EndProject
Project("{FAE04EC0-301F-11D3-BF4B-00C04F79EFBC}") = "11-MD5", "11-MD5\11-MD5.csproj", "{D7B1D0A4-4B5A-4E29-9034-0A032946A01E}"
EndProject
Project("{FAE04EC0-301F-11D3-BF4B-00C04F79EFBC}") = "12-Shop超市练习", "12-Shop超市练习\12-Shop超市练习.csproj", "{44978270-2B36-49AF-941A-B0A808267828}"
EndProject
Project("{FAE04EC0-301F-11D3-BF4B-00C04F79EFBC}") = "12-musicplayer", "12-musicplayer\12-musicplayer.csproj", "{2E1C2380-D283-49CA-9D4E-7DD4C184938D}"
EndProject
Project("{FAE04EC0-301F-11D3-BF4B-00C04F79EFBC}") = "13-Thread", "13-Thread\13-Thread.csproj", "{9DE7A666-A07E-4F17-8CDC-DAE194C201FC}"
EndProject
Project("{FAE04EC0-301F-11D3-BF4B-00C04F79EFBC}") = "14-Socket01", "14-Socket01\14-Socket01.csproj", "{21A1C3AF-B3C2-4277-B10D-6A27C82BA7FB}"
EndProject
Project("{FAE04EC0-301F-11D3-BF4B-00C04F79EFBC}") = "14-Socket02-Client", "14-Socket02-Client\14-Socket02-Client.csproj", "{4AAB5CDD-67C8-4F63-A3A5-917C6FEAB075}"
EndProject
Project("{FAE04EC0-301F-11D3-BF4B-00C04F79EFBC}") = "15-XML", "15-XML\15-XML.csproj", "{94055D7F-1E9B-49C5-A781-57748475153E}"
EndProject
Project("{FAE04EC0-301F-11D3-BF4B-00C04F79EFBC}") = "16-Event", "16-Event\16-Event.csproj", "{A663FE03-2313-4F67-98CB-60D16D1F8310}"
EndProject
Project("{FAE04EC0-301F-11D3-BF4B-00C04F79EFBC}") = "17-BeginInvoke-EndInvoke01", "17-BeginInvoke-EndInvoke\17-BeginInvoke-EndInvoke01.csproj", "{DF11343A-0B86-4ADE-B9C1-B4396399063F}"
EndProject
Project("{FAE04EC0-301F-11D3-BF4B-00C04F79EFBC}") = "17-BeginInvoke-EndInvoke02", "17-BeginInvoke-EndInvoke02\17-BeginInvoke-EndInvoke02.csproj", "{882863F7-C4FF-4D30-B4AF-4D888E50316C}"
EndProject
Project("{FAE04EC0-301F-11D3-BF4B-00C04F79EFBC}") = "17-BeginInvoke-EndInvoke03", "17-BeginInvoke-EndInvoke03\17-BeginInvoke-EndInvoke03.csproj", "{7DDCC309-0F75-46C6-B8DE-7D2C3F697D03}"
EndProject
Project("{FAE04EC0-301F-11D3-BF4B-00C04F79EFBC}") = "13-AutoResetEvent", "13-AutoResetEvent\13-AutoResetEvent.csproj", "{4CB9E20C-ED1B-4738-8466-9B22DA13FFDE}"
EndProject
Project("{FAE04EC0-301F-11D3-BF4B-00C04F79EFBC}") = "13-BackgroundWorker", "13-BackgroundWorker\13-BackgroundWorker.csproj", "{6FAA40D6-0EA0-4FB8-883F-AC0B8642C43B}"
EndProject
Project("{FAE04EC0-301F-11D3-BF4B-00C04F79EFBC}") = "13-Task", "13-Task\13-Task.csproj", "{26DDB7E2-E001-47F9-9AFA-5BFE8D14DD10}"
EndProject
Project("{FAE04EC0-301F-11D3-BF4B-00C04F79EFBC}") = "18-serialPort", "18-serialPort\18-serialPort.csproj", "{058B5260-5335-483E-96F7-324B37A82121}"
EndProject
Project("{FAE04EC0-301F-11D3-BF4B-00C04F79EFBC}") = "18-class", "18-class\18-class.csproj", "{FD037B4F-9225-4622-BF2B-654DFB3EED97}"
EndProject
Project("{FAE04EC0-301F-11D3-BF4B-00C04F79EFBC}") = "19-DapperDemo", "19-DapperDemo\19-DapperDemo.csproj", "{22473476-4F88-4ECE-AA0E-ACFE57E523B9}"
EndProject
Project("{FAE04EC0-301F-11D3-BF4B-00C04F79EFBC}") = "20-IEnumerable", "20-IEnumerable\20-IEnumerable.csproj", "{98A40016-7560-4001-969E-A8F77ED9CC8C}"
EndProject
Project("{FAE04EC0-301F-11D3-BF4B-00C04F79EFBC}") = "21-Dispose", "21-Dispose\21-Dispose.csproj", "{6BFA5A66-6F0A-4C50-81FD-5EA8CD704AAC}"
EndProject
Project("{FAE04EC0-301F-11D3-BF4B-00C04F79EFBC}") = "22-Param01", "22-Param01\22-Param01.csproj", "{06002D20-7A30-4D58-BEC4-9497D361DCD1}"
EndProject
Project("{FAE04EC0-301F-11D3-BF4B-00C04F79EFBC}") = "22-Param02-Ref", "22-Param02-Ref\22-Param02-Ref.csproj", "{F6FAF2FD-CA65-4E29-89B1-AFEE056593F4}"
EndProject
Project("{FAE04EC0-301F-11D3-BF4B-00C04F79EFBC}") = "22-Param02-Out", "22-Param02-Out\22-Param02-Out.csproj", "{3CEAF61F-A013-4BFF-BDDA-98059AE2E172}"
EndProject
Project("{FAE04EC0-301F-11D3-BF4B-00C04F79EFBC}") = "23-Reflection", "23-Reflection\23-Reflection.csproj", "{19DA93A8-0C18-4B24-A298-D53917E6E2DA}"
EndProject
Project("{FAE04EC0-301F-11D3-BF4B-00C04F79EFBC}") = "24-Attribute01", "24-Attribute01\24-Attribute01.csproj", "{5C2F6C20-7991-4762-9001-6B07E91AFA64}"
EndProject
Project("{FAE04EC0-301F-11D3-BF4B-00C04F79EFBC}") = "25-Async-01", "25-Async-01\25-Async-01.csproj", "{6AC8D993-1D3A-4A49-87FD-EFC0E202F835}"
EndProject
Project("{FAE04EC0-301F-11D3-BF4B-00C04F79EFBC}") = "26-LINQ-01", "26-LINQ-01\26-LINQ-01.csproj", "{5F378BEC-3D77-4552-AC74-7085D1AA7F47}"
EndProject
Project("{FAE04EC0-301F-11D3-BF4B-00C04F79EFBC}") = "25-Async-02", "25-Async-02\25-Async-02.csproj", "{339603B1-DAE0-4A9D-865D-6BE9ED32A7A3}"
EndProject
Global
	GlobalSection(SolutionConfigurationPlatforms) = preSolution
		Debug|Any CPU = Debug|Any CPU
		Release|Any CPU = Release|Any CPU
	EndGlobalSection
	GlobalSection(ProjectConfigurationPlatforms) = postSolution
		{D98088F0-4084-4E03-AE00-7E6E0AACA2C5}.Debug|Any CPU.ActiveCfg = Debug|Any CPU
		{D98088F0-4084-4E03-AE00-7E6E0AACA2C5}.Debug|Any CPU.Build.0 = Debug|Any CPU
		{D98088F0-4084-4E03-AE00-7E6E0AACA2C5}.Release|Any CPU.ActiveCfg = Release|Any CPU
		{D98088F0-4084-4E03-AE00-7E6E0AACA2C5}.Release|Any CPU.Build.0 = Release|Any CPU
		{C9E5B401-5972-40B1-B13E-992B59966D59}.Debug|Any CPU.ActiveCfg = Debug|Any CPU
		{C9E5B401-5972-40B1-B13E-992B59966D59}.Debug|Any CPU.Build.0 = Debug|Any CPU
		{C9E5B401-5972-40B1-B13E-992B59966D59}.Release|Any CPU.ActiveCfg = Release|Any CPU
		{C9E5B401-5972-40B1-B13E-992B59966D59}.Release|Any CPU.Build.0 = Release|Any CPU
		{3236D298-776E-4621-9526-D86EB8F7EE04}.Debug|Any CPU.ActiveCfg = Debug|Any CPU
		{3236D298-776E-4621-9526-D86EB8F7EE04}.Debug|Any CPU.Build.0 = Debug|Any CPU
		{3236D298-776E-4621-9526-D86EB8F7EE04}.Release|Any CPU.ActiveCfg = Release|Any CPU
		{3236D298-776E-4621-9526-D86EB8F7EE04}.Release|Any CPU.Build.0 = Release|Any CPU
		{C57890A5-2E2E-4563-9EE1-16735A63E714}.Debug|Any CPU.ActiveCfg = Debug|Any CPU
		{C57890A5-2E2E-4563-9EE1-16735A63E714}.Debug|Any CPU.Build.0 = Debug|Any CPU
		{C57890A5-2E2E-4563-9EE1-16735A63E714}.Release|Any CPU.ActiveCfg = Release|Any CPU
		{C57890A5-2E2E-4563-9EE1-16735A63E714}.Release|Any CPU.Build.0 = Release|Any CPU
		{FBB2A59D-A747-4873-8E66-C26C5FD4F783}.Debug|Any CPU.ActiveCfg = Debug|Any CPU
		{FBB2A59D-A747-4873-8E66-C26C5FD4F783}.Debug|Any CPU.Build.0 = Debug|Any CPU
		{FBB2A59D-A747-4873-8E66-C26C5FD4F783}.Release|Any CPU.ActiveCfg = Release|Any CPU
		{FBB2A59D-A747-4873-8E66-C26C5FD4F783}.Release|Any CPU.Build.0 = Release|Any CPU
		{3C0E67B4-5E3F-4152-9ABF-B468A7BB7A13}.Debug|Any CPU.ActiveCfg = Debug|Any CPU
		{3C0E67B4-5E3F-4152-9ABF-B468A7BB7A13}.Debug|Any CPU.Build.0 = Debug|Any CPU
		{3C0E67B4-5E3F-4152-9ABF-B468A7BB7A13}.Release|Any CPU.ActiveCfg = Release|Any CPU
		{3C0E67B4-5E3F-4152-9ABF-B468A7BB7A13}.Release|Any CPU.Build.0 = Release|Any CPU
		{556543B4-6954-4F37-B76C-C646B185DF8F}.Debug|Any CPU.ActiveCfg = Debug|Any CPU
		{556543B4-6954-4F37-B76C-C646B185DF8F}.Debug|Any CPU.Build.0 = Debug|Any CPU
		{556543B4-6954-4F37-B76C-C646B185DF8F}.Release|Any CPU.ActiveCfg = Release|Any CPU
		{556543B4-6954-4F37-B76C-C646B185DF8F}.Release|Any CPU.Build.0 = Release|Any CPU
		{848B76B6-A794-4541-80E4-651F5AAE55CD}.Debug|Any CPU.ActiveCfg = Debug|Any CPU
		{848B76B6-A794-4541-80E4-651F5AAE55CD}.Debug|Any CPU.Build.0 = Debug|Any CPU
		{848B76B6-A794-4541-80E4-651F5AAE55CD}.Release|Any CPU.ActiveCfg = Release|Any CPU
		{848B76B6-A794-4541-80E4-651F5AAE55CD}.Release|Any CPU.Build.0 = Release|Any CPU
		{54EADD61-1A2A-4CAE-B9A0-7741D812C6FA}.Debug|Any CPU.ActiveCfg = Debug|Any CPU
		{54EADD61-1A2A-4CAE-B9A0-7741D812C6FA}.Debug|Any CPU.Build.0 = Debug|Any CPU
		{54EADD61-1A2A-4CAE-B9A0-7741D812C6FA}.Release|Any CPU.ActiveCfg = Release|Any CPU
		{54EADD61-1A2A-4CAE-B9A0-7741D812C6FA}.Release|Any CPU.Build.0 = Release|Any CPU
		{5790B1EB-A1F1-49D5-B115-93974526B528}.Debug|Any CPU.ActiveCfg = Debug|Any CPU
		{5790B1EB-A1F1-49D5-B115-93974526B528}.Debug|Any CPU.Build.0 = Debug|Any CPU
		{5790B1EB-A1F1-49D5-B115-93974526B528}.Release|Any CPU.ActiveCfg = Release|Any CPU
		{5790B1EB-A1F1-49D5-B115-93974526B528}.Release|Any CPU.Build.0 = Release|Any CPU
		{D7B1D0A4-4B5A-4E29-9034-0A032946A01E}.Debug|Any CPU.ActiveCfg = Debug|Any CPU
		{D7B1D0A4-4B5A-4E29-9034-0A032946A01E}.Debug|Any CPU.Build.0 = Debug|Any CPU
		{D7B1D0A4-4B5A-4E29-9034-0A032946A01E}.Release|Any CPU.ActiveCfg = Release|Any CPU
		{D7B1D0A4-4B5A-4E29-9034-0A032946A01E}.Release|Any CPU.Build.0 = Release|Any CPU
		{44978270-2B36-49AF-941A-B0A808267828}.Debug|Any CPU.ActiveCfg = Debug|Any CPU
		{44978270-2B36-49AF-941A-B0A808267828}.Debug|Any CPU.Build.0 = Debug|Any CPU
		{44978270-2B36-49AF-941A-B0A808267828}.Release|Any CPU.ActiveCfg = Release|Any CPU
		{44978270-2B36-49AF-941A-B0A808267828}.Release|Any CPU.Build.0 = Release|Any CPU
		{2E1C2380-D283-49CA-9D4E-7DD4C184938D}.Debug|Any CPU.ActiveCfg = Debug|Any CPU
		{2E1C2380-D283-49CA-9D4E-7DD4C184938D}.Debug|Any CPU.Build.0 = Debug|Any CPU
		{2E1C2380-D283-49CA-9D4E-7DD4C184938D}.Release|Any CPU.ActiveCfg = Release|Any CPU
		{2E1C2380-D283-49CA-9D4E-7DD4C184938D}.Release|Any CPU.Build.0 = Release|Any CPU
		{9DE7A666-A07E-4F17-8CDC-DAE194C201FC}.Debug|Any CPU.ActiveCfg = Debug|Any CPU
		{9DE7A666-A07E-4F17-8CDC-DAE194C201FC}.Debug|Any CPU.Build.0 = Debug|Any CPU
		{9DE7A666-A07E-4F17-8CDC-DAE194C201FC}.Release|Any CPU.ActiveCfg = Release|Any CPU
		{9DE7A666-A07E-4F17-8CDC-DAE194C201FC}.Release|Any CPU.Build.0 = Release|Any CPU
		{21A1C3AF-B3C2-4277-B10D-6A27C82BA7FB}.Debug|Any CPU.ActiveCfg = Debug|Any CPU
		{21A1C3AF-B3C2-4277-B10D-6A27C82BA7FB}.Debug|Any CPU.Build.0 = Debug|Any CPU
		{21A1C3AF-B3C2-4277-B10D-6A27C82BA7FB}.Release|Any CPU.ActiveCfg = Release|Any CPU
		{21A1C3AF-B3C2-4277-B10D-6A27C82BA7FB}.Release|Any CPU.Build.0 = Release|Any CPU
		{4AAB5CDD-67C8-4F63-A3A5-917C6FEAB075}.Debug|Any CPU.ActiveCfg = Debug|Any CPU
		{4AAB5CDD-67C8-4F63-A3A5-917C6FEAB075}.Debug|Any CPU.Build.0 = Debug|Any CPU
		{4AAB5CDD-67C8-4F63-A3A5-917C6FEAB075}.Release|Any CPU.ActiveCfg = Release|Any CPU
		{4AAB5CDD-67C8-4F63-A3A5-917C6FEAB075}.Release|Any CPU.Build.0 = Release|Any CPU
		{94055D7F-1E9B-49C5-A781-57748475153E}.Debug|Any CPU.ActiveCfg = Debug|Any CPU
		{94055D7F-1E9B-49C5-A781-57748475153E}.Debug|Any CPU.Build.0 = Debug|Any CPU
		{94055D7F-1E9B-49C5-A781-57748475153E}.Release|Any CPU.ActiveCfg = Release|Any CPU
		{94055D7F-1E9B-49C5-A781-57748475153E}.Release|Any CPU.Build.0 = Release|Any CPU
		{A663FE03-2313-4F67-98CB-60D16D1F8310}.Debug|Any CPU.ActiveCfg = Debug|Any CPU
		{A663FE03-2313-4F67-98CB-60D16D1F8310}.Debug|Any CPU.Build.0 = Debug|Any CPU
		{A663FE03-2313-4F67-98CB-60D16D1F8310}.Release|Any CPU.ActiveCfg = Release|Any CPU
		{A663FE03-2313-4F67-98CB-60D16D1F8310}.Release|Any CPU.Build.0 = Release|Any CPU
		{DF11343A-0B86-4ADE-B9C1-B4396399063F}.Debug|Any CPU.ActiveCfg = Debug|Any CPU
		{DF11343A-0B86-4ADE-B9C1-B4396399063F}.Debug|Any CPU.Build.0 = Debug|Any CPU
		{DF11343A-0B86-4ADE-B9C1-B4396399063F}.Release|Any CPU.ActiveCfg = Release|Any CPU
		{DF11343A-0B86-4ADE-B9C1-B4396399063F}.Release|Any CPU.Build.0 = Release|Any CPU
		{882863F7-C4FF-4D30-B4AF-4D888E50316C}.Debug|Any CPU.ActiveCfg = Debug|Any CPU
		{882863F7-C4FF-4D30-B4AF-4D888E50316C}.Debug|Any CPU.Build.0 = Debug|Any CPU
		{882863F7-C4FF-4D30-B4AF-4D888E50316C}.Release|Any CPU.ActiveCfg = Release|Any CPU
		{882863F7-C4FF-4D30-B4AF-4D888E50316C}.Release|Any CPU.Build.0 = Release|Any CPU
		{7DDCC309-0F75-46C6-B8DE-7D2C3F697D03}.Debug|Any CPU.ActiveCfg = Debug|Any CPU
		{7DDCC309-0F75-46C6-B8DE-7D2C3F697D03}.Debug|Any CPU.Build.0 = Debug|Any CPU
		{7DDCC309-0F75-46C6-B8DE-7D2C3F697D03}.Release|Any CPU.ActiveCfg = Release|Any CPU
		{7DDCC309-0F75-46C6-B8DE-7D2C3F697D03}.Release|Any CPU.Build.0 = Release|Any CPU
		{4CB9E20C-ED1B-4738-8466-9B22DA13FFDE}.Debug|Any CPU.ActiveCfg = Debug|Any CPU
		{4CB9E20C-ED1B-4738-8466-9B22DA13FFDE}.Debug|Any CPU.Build.0 = Debug|Any CPU
		{4CB9E20C-ED1B-4738-8466-9B22DA13FFDE}.Release|Any CPU.ActiveCfg = Release|Any CPU
		{4CB9E20C-ED1B-4738-8466-9B22DA13FFDE}.Release|Any CPU.Build.0 = Release|Any CPU
		{6FAA40D6-0EA0-4FB8-883F-AC0B8642C43B}.Debug|Any CPU.ActiveCfg = Debug|Any CPU
		{6FAA40D6-0EA0-4FB8-883F-AC0B8642C43B}.Debug|Any CPU.Build.0 = Debug|Any CPU
		{6FAA40D6-0EA0-4FB8-883F-AC0B8642C43B}.Release|Any CPU.ActiveCfg = Release|Any CPU
		{6FAA40D6-0EA0-4FB8-883F-AC0B8642C43B}.Release|Any CPU.Build.0 = Release|Any CPU
		{26DDB7E2-E001-47F9-9AFA-5BFE8D14DD10}.Debug|Any CPU.ActiveCfg = Debug|Any CPU
		{26DDB7E2-E001-47F9-9AFA-5BFE8D14DD10}.Debug|Any CPU.Build.0 = Debug|Any CPU
		{26DDB7E2-E001-47F9-9AFA-5BFE8D14DD10}.Release|Any CPU.ActiveCfg = Release|Any CPU
		{26DDB7E2-E001-47F9-9AFA-5BFE8D14DD10}.Release|Any CPU.Build.0 = Release|Any CPU
		{058B5260-5335-483E-96F7-324B37A82121}.Debug|Any CPU.ActiveCfg = Debug|Any CPU
		{058B5260-5335-483E-96F7-324B37A82121}.Debug|Any CPU.Build.0 = Debug|Any CPU
		{058B5260-5335-483E-96F7-324B37A82121}.Release|Any CPU.ActiveCfg = Release|Any CPU
		{058B5260-5335-483E-96F7-324B37A82121}.Release|Any CPU.Build.0 = Release|Any CPU
		{FD037B4F-9225-4622-BF2B-654DFB3EED97}.Debug|Any CPU.ActiveCfg = Debug|Any CPU
		{FD037B4F-9225-4622-BF2B-654DFB3EED97}.Debug|Any CPU.Build.0 = Debug|Any CPU
		{FD037B4F-9225-4622-BF2B-654DFB3EED97}.Release|Any CPU.ActiveCfg = Release|Any CPU
		{FD037B4F-9225-4622-BF2B-654DFB3EED97}.Release|Any CPU.Build.0 = Release|Any CPU
		{22473476-4F88-4ECE-AA0E-ACFE57E523B9}.Debug|Any CPU.ActiveCfg = Debug|Any CPU
		{22473476-4F88-4ECE-AA0E-ACFE57E523B9}.Debug|Any CPU.Build.0 = Debug|Any CPU
		{22473476-4F88-4ECE-AA0E-ACFE57E523B9}.Release|Any CPU.ActiveCfg = Release|Any CPU
		{22473476-4F88-4ECE-AA0E-ACFE57E523B9}.Release|Any CPU.Build.0 = Release|Any CPU
		{98A40016-7560-4001-969E-A8F77ED9CC8C}.Debug|Any CPU.ActiveCfg = Debug|Any CPU
		{98A40016-7560-4001-969E-A8F77ED9CC8C}.Debug|Any CPU.Build.0 = Debug|Any CPU
		{98A40016-7560-4001-969E-A8F77ED9CC8C}.Release|Any CPU.ActiveCfg = Release|Any CPU
		{98A40016-7560-4001-969E-A8F77ED9CC8C}.Release|Any CPU.Build.0 = Release|Any CPU
		{6BFA5A66-6F0A-4C50-81FD-5EA8CD704AAC}.Debug|Any CPU.ActiveCfg = Debug|Any CPU
		{6BFA5A66-6F0A-4C50-81FD-5EA8CD704AAC}.Debug|Any CPU.Build.0 = Debug|Any CPU
		{6BFA5A66-6F0A-4C50-81FD-5EA8CD704AAC}.Release|Any CPU.ActiveCfg = Release|Any CPU
		{6BFA5A66-6F0A-4C50-81FD-5EA8CD704AAC}.Release|Any CPU.Build.0 = Release|Any CPU
		{06002D20-7A30-4D58-BEC4-9497D361DCD1}.Debug|Any CPU.ActiveCfg = Debug|Any CPU
		{06002D20-7A30-4D58-BEC4-9497D361DCD1}.Debug|Any CPU.Build.0 = Debug|Any CPU
		{06002D20-7A30-4D58-BEC4-9497D361DCD1}.Release|Any CPU.ActiveCfg = Release|Any CPU
		{06002D20-7A30-4D58-BEC4-9497D361DCD1}.Release|Any CPU.Build.0 = Release|Any CPU
		{F6FAF2FD-CA65-4E29-89B1-AFEE056593F4}.Debug|Any CPU.ActiveCfg = Debug|Any CPU
		{F6FAF2FD-CA65-4E29-89B1-AFEE056593F4}.Debug|Any CPU.Build.0 = Debug|Any CPU
		{F6FAF2FD-CA65-4E29-89B1-AFEE056593F4}.Release|Any CPU.ActiveCfg = Release|Any CPU
		{F6FAF2FD-CA65-4E29-89B1-AFEE056593F4}.Release|Any CPU.Build.0 = Release|Any CPU
		{3CEAF61F-A013-4BFF-BDDA-98059AE2E172}.Debug|Any CPU.ActiveCfg = Debug|Any CPU
		{3CEAF61F-A013-4BFF-BDDA-98059AE2E172}.Debug|Any CPU.Build.0 = Debug|Any CPU
		{3CEAF61F-A013-4BFF-BDDA-98059AE2E172}.Release|Any CPU.ActiveCfg = Release|Any CPU
		{3CEAF61F-A013-4BFF-BDDA-98059AE2E172}.Release|Any CPU.Build.0 = Release|Any CPU
		{19DA93A8-0C18-4B24-A298-D53917E6E2DA}.Debug|Any CPU.ActiveCfg = Debug|Any CPU
		{19DA93A8-0C18-4B24-A298-D53917E6E2DA}.Debug|Any CPU.Build.0 = Debug|Any CPU
		{19DA93A8-0C18-4B24-A298-D53917E6E2DA}.Release|Any CPU.ActiveCfg = Release|Any CPU
		{19DA93A8-0C18-4B24-A298-D53917E6E2DA}.Release|Any CPU.Build.0 = Release|Any CPU
		{5C2F6C20-7991-4762-9001-6B07E91AFA64}.Debug|Any CPU.ActiveCfg = Debug|Any CPU
		{5C2F6C20-7991-4762-9001-6B07E91AFA64}.Debug|Any CPU.Build.0 = Debug|Any CPU
		{5C2F6C20-7991-4762-9001-6B07E91AFA64}.Release|Any CPU.ActiveCfg = Release|Any CPU
		{5C2F6C20-7991-4762-9001-6B07E91AFA64}.Release|Any CPU.Build.0 = Release|Any CPU
		{6AC8D993-1D3A-4A49-87FD-EFC0E202F835}.Debug|Any CPU.ActiveCfg = Debug|Any CPU
		{6AC8D993-1D3A-4A49-87FD-EFC0E202F835}.Debug|Any CPU.Build.0 = Debug|Any CPU
		{6AC8D993-1D3A-4A49-87FD-EFC0E202F835}.Release|Any CPU.ActiveCfg = Release|Any CPU
		{6AC8D993-1D3A-4A49-87FD-EFC0E202F835}.Release|Any CPU.Build.0 = Release|Any CPU
		{5F378BEC-3D77-4552-AC74-7085D1AA7F47}.Debug|Any CPU.ActiveCfg = Debug|Any CPU
		{5F378BEC-3D77-4552-AC74-7085D1AA7F47}.Debug|Any CPU.Build.0 = Debug|Any CPU
		{5F378BEC-3D77-4552-AC74-7085D1AA7F47}.Release|Any CPU.ActiveCfg = Release|Any CPU
		{5F378BEC-3D77-4552-AC74-7085D1AA7F47}.Release|Any CPU.Build.0 = Release|Any CPU
		{339603B1-DAE0-4A9D-865D-6BE9ED32A7A3}.Debug|Any CPU.ActiveCfg = Debug|Any CPU
		{339603B1-DAE0-4A9D-865D-6BE9ED32A7A3}.Debug|Any CPU.Build.0 = Debug|Any CPU
		{339603B1-DAE0-4A9D-865D-6BE9ED32A7A3}.Release|Any CPU.ActiveCfg = Release|Any CPU
		{339603B1-DAE0-4A9D-865D-6BE9ED32A7A3}.Release|Any CPU.Build.0 = Release|Any CPU
	EndGlobalSection
	GlobalSection(SolutionProperties) = preSolution
		HideSolutionNode = FALSE
	EndGlobalSection
	GlobalSection(ExtensibilityGlobals) = postSolution
		SolutionGuid = {A0A9F380-DD04-455E-8F28-92B9A33AEA2D}
	EndGlobalSection
EndGlobal
