
Microsoft Visual Studio Solution File, Format Version 12.00
# Visual Studio Version 16
VisualStudioVersion = 16.0.32602.291
MinimumVisualStudioVersion = 10.0.40219.1
Project("{FAE04EC0-301F-11D3-BF4B-00C04F79EFBC}") = "01-variable", "01-variable\01-variable.csproj", "{D98088F0-4084-4E03-AE00-7E6E0AACA2C5}"
EndProject
Project("{FAE04EC0-301F-11D3-BF4B-00C04F79EFBC}") = "02-ArrayList", "..\02-ArrayList\02-ArrayList.csproj", "{C9E5B401-5972-40B1-B13E-992B59966D59}"
EndProject
Global
	GlobalSection(SolutionConfigurationPlatforms) = preSolution
		Debug|Any CPU = Debug|Any CPU
		Release|Any CPU = Release|Any CPU
	EndGlobalSection
	GlobalSection(ProjectConfigurationPlatforms) = postSolution
		{D98088F0-4084-4E03-AE00-7E6E0AACA2C5}.Debug|Any CPU.ActiveCfg = Debug|Any CPU
		{D98088F0-4084-4E03-AE00-7E6E0AACA2C5}.Debug|Any CPU.Build.0 = Debug|Any CPU
		{D98088F0-4084-4E03-AE00-7E6E0AACA2C5}.Release|Any CPU.ActiveCfg = Release|Any CPU
		{D98088F0-4084-4E03-AE00-7E6E0AACA2C5}.Release|Any CPU.Build.0 = Release|Any CPU
		{C9E5B401-5972-40B1-B13E-992B59966D59}.Debug|Any CPU.ActiveCfg = Debug|Any CPU
		{C9E5B401-5972-40B1-B13E-992B59966D59}.Debug|Any CPU.Build.0 = Debug|Any CPU
		{C9E5B401-5972-40B1-B13E-992B59966D59}.Release|Any CPU.ActiveCfg = Release|Any CPU
		{C9E5B401-5972-40B1-B13E-992B59966D59}.Release|Any CPU.Build.0 = Release|Any CPU
	EndGlobalSection
	GlobalSection(SolutionProperties) = preSolution
		HideSolutionNode = FALSE
	EndGlobalSection
	GlobalSection(ExtensibilityGlobals) = postSolution
		SolutionGuid = {A0A9F380-DD04-455E-8F28-92B9A33AEA2D}
	EndGlobalSection
EndGlobal
